
Microsoft Visual Studio Solution File, Format Version 12.00
# Visual Studio 2013
VisualStudioVersion = 12.0.40629.0
MinimumVisualStudioVersion = 10.0.40219.1
Project("{8BC9CEB8-8B4A-11D0-8D11-00A0C91BC942}") = "MessengerBase", "MessengerBase\MessengerBase.vcxproj", "{8F3E602C-D123-4C7E-AE2C-F3A1D7CFCAA3}"
EndProject
Project("{FAE04EC0-301F-11D3-BF4B-00C04F79EFBC}") = "MessengerUI", "MessengerUI\MessengerUI.csproj", "{877B3D8A-8512-45AC-80E8-1801350E0170}"
	ProjectSection(ProjectDependencies) = postProject
		{8F3E602C-D123-4C7E-AE2C-F3A1D7CFCAA3} = {8F3E602C-D123-4C7E-AE2C-F3A1D7CFCAA3}
	EndProjectSection
EndProject
Global
	GlobalSection(SolutionConfigurationPlatforms) = preSolution
		Debug|Any CPU = Debug|Any CPU
		Debug|Mixed Platforms = Debug|Mixed Platforms
		Debug|Win32 = Debug|Win32
		Release|Any CPU = Release|Any CPU
		Release|Mixed Platforms = Release|Mixed Platforms
		Release|Win32 = Release|Win32
	EndGlobalSection
	GlobalSection(ProjectConfigurationPlatforms) = postSolution
		{8F3E602C-D123-4C7E-AE2C-F3A1D7CFCAA3}.Debug|Any CPU.ActiveCfg = Debug|Win32
		{8F3E602C-D123-4C7E-AE2C-F3A1D7CFCAA3}.Debug|Mixed Platforms.ActiveCfg = Debug|Win32
		{8F3E602C-D123-4C7E-AE2C-F3A1D7CFCAA3}.Debug|Mixed Platforms.Build.0 = Debug|Win32
		{8F3E602C-D123-4C7E-AE2C-F3A1D7CFCAA3}.Debug|Win32.ActiveCfg = Debug|Win32
		{8F3E602C-D123-4C7E-AE2C-F3A1D7CFCAA3}.Debug|Win32.Build.0 = Debug|Win32
		{8F3E602C-D123-4C7E-AE2C-F3A1D7CFCAA3}.Release|Any CPU.ActiveCfg = Release|Win32
		{8F3E602C-D123-4C7E-AE2C-F3A1D7CFCAA3}.Release|Mixed Platforms.ActiveCfg = Release|Win32
		{8F3E602C-D123-4C7E-AE2C-F3A1D7CFCAA3}.Release|Mixed Platforms.Build.0 = Release|Win32
		{8F3E602C-D123-4C7E-AE2C-F3A1D7CFCAA3}.Release|Win32.ActiveCfg = Release|Win32
		{8F3E602C-D123-4C7E-AE2C-F3A1D7CFCAA3}.Release|Win32.Build.0 = Release|Win32
		{877B3D8A-8512-45AC-80E8-1801350E0170}.Debug|Any CPU.ActiveCfg = Debug|Any CPU
		{877B3D8A-8512-45AC-80E8-1801350E0170}.Debug|Any CPU.Build.0 = Debug|Any CPU
		{877B3D8A-8512-45AC-80E8-1801350E0170}.Debug|Mixed Platforms.ActiveCfg = Debug|Any CPU
		{877B3D8A-8512-45AC-80E8-1801350E0170}.Debug|Mixed Platforms.Build.0 = Debug|Any CPU
		{877B3D8A-8512-45AC-80E8-1801350E0170}.Debug|Win32.ActiveCfg = Debug|Any CPU
		{877B3D8A-8512-45AC-80E8-1801350E0170}.Release|Any CPU.ActiveCfg = Release|Any CPU
		{877B3D8A-8512-45AC-80E8-1801350E0170}.Release|Any CPU.Build.0 = Release|Any CPU
		{877B3D8A-8512-45AC-80E8-1801350E0170}.Release|Mixed Platforms.ActiveCfg = Release|Any CPU
		{877B3D8A-8512-45AC-80E8-1801350E0170}.Release|Mixed Platforms.Build.0 = Release|Any CPU
		{877B3D8A-8512-45AC-80E8-1801350E0170}.Release|Win32.ActiveCfg = Release|Any CPU
	EndGlobalSection
	GlobalSection(SolutionProperties) = preSolution
		HideSolutionNode = FALSE
	EndGlobalSection
EndGlobal
